PODS:
  - FounderOSMobileTracker (0.1.3)

DEPENDENCIES:
  - FounderOSMobileTracker (from `../../../ios`)

EXTERNAL SOURCES:
  FounderOSMobileTracker:
    :path: "../../../ios"

SPEC CHECKSUMS:
  FounderOSMobileTracker: a954f352eba17b6b8e194aa73265c02a8db45d5d

PODFILE CHECKSUM: facc8476a460fe70952ea78d2360a1523237ffaf

COCOAPODS: 1.16.2
