// !$*UTF8*$!
{
	archiveVersion = 1;
	classes = {
	};
	objectVersion = 60;
	objects = {

/* Begin PBXBuildFile section */
		11F257FA832B416AAD279F62 /* MobileTracker in Frameworks */ = {isa = PBXBuildFile; productRef = 5D55843443DC4356A4341A5B /* MobileTracker */; };
		4DEB6EC3F3F746E7BC1FC6C5 /* ExampleApp.swift in Sources */ = {isa = PBXBuildFile; fileRef = 4DEB6EC3F3F746E7BC1FC6C500 /* ExampleApp.swift */; };
		9AD3E6474301456598071EB7 /* ContentView.swift in Sources */ = {isa = PBXBuildFile; fileRef = 9AD3E6474301456598071EB700 /* ContentView.swift */; };
		DFDDFB002EDF6CB0000676A2 /* Environment.swift in Sources */ = {isa = PBXBuildFile; fileRef = DFDDFAFC2EDF6CB0000676A2 /* Environment.swift */; };
		DFDDFB012EDF6CB0000676A2 /* ConfigurationManager.swift in Sources */ = {isa = PBXBuildFile; fileRef = DFDDFAFA2EDF6CB0000676A2 /* ConfigurationManager.swift */; };
		DFDDFB022EDF6CB0000676A2 /* TrackerConfiguration.swift in Sources */ = {isa = PBXBuildFile; fileRef = DFDDFAFD2EDF6CB0000676A2 /* TrackerConfiguration.swift */; };
		DFDDFB032EDF6CB0000676A2 /* ConfigurationView.swift in Sources */ = {isa = PBXBuildFile; fileRef = DFDDFAFB2EDF6CB0000676A2 /* ConfigurationView.swift */; };
		DFDDFB042EDF6CB0000676A2 /* UserDefaultsKeys.swift in Sources */ = {isa = PBXBuildFile; fileRef = DFDDFAFE2EDF6CB0000676A2 /* UserDefaultsKeys.swift */; };
		DFDDFB052EDF6CB0000676A2 /* ValidationResult.swift in Sources */ = {isa = PBXBuildFile; fileRef = DFDDFAFF2EDF6CB0000676A2 /* ValidationResult.swift */; };
		DFDDFB072EDF6D42000676A2 /* UserDataManager.swift in Sources */ = {isa = PBXBuildFile; fileRef = DFDDFB062EDF6D42000676A2 /* UserDataManager.swift */; };
		F0C5F4FCE5564EE18C0C081F /* Assets.xcassets in Resources */ = {isa = PBXBuildFile; fileRef = F0C5F4FCE5564EE18C0C081F00 /* Assets.xcassets */; };
		FF8F882D6E2A833B7A31BB83 /* Pods_MobileTrackerExample.framework in Frameworks */ = {isa = PBXBuildFile; fileRef = 6C1E8A7A6B43B63FEA9F9EB8 /* Pods_MobileTrackerExample.framework */; };
/* End PBXBuildFile section */

/* Begin PBXFileReference section */
		4CCFB521555B4FBA85FB007900 /* MobileTrackerExample.app */ = {isa = PBXFileReference; explicitFileType = wrapper.application; includeInIndex = 0; path = MobileTrackerExample.app; sourceTree = BUILT_PRODUCTS_DIR; };
		4DEB6EC3F3F746E7BC1FC6C500 /* ExampleApp.swift */ = {isa = PBXFileReference; lastKnownFileType = sourcecode.swift; path = ExampleApp.swift; sourceTree = "<group>"; };
		6C1E8A7A6B43B63FEA9F9EB8 /* Pods_MobileTrackerExample.framework */ = {isa = PBXFileReference; explicitFileType = wrapper.framework; includeInIndex = 0; path = Pods_MobileTrackerExample.framework; sourceTree = BUILT_PRODUCTS_DIR; };
		9AD3E6474301456598071EB700 /* ContentView.swift */ = {isa = PBXFileReference; lastKnownFileType = sourcecode.swift; path = ContentView.swift; sourceTree = "<group>"; };
		B7AD246AC1EE1F0C36355CE2 /* Pods-MobileTrackerExample.debug.xcconfig */ = {isa = PBXFileReference; includeInIndex = 1; lastKnownFileType = text.xcconfig; name = "Pods-MobileTrackerExample.debug.xcconfig"; path = "Target Support Files/Pods-MobileTrackerExample/Pods-MobileTrackerExample.debug.xcconfig"; sourceTree = "<group>"; };
		BA34C60313A69BB03D76E6F1 /* Pods-MobileTrackerExample.release.xcconfig */ = {isa = PBXFileReference; includeInIndex = 1; lastKnownFileType = text.xcconfig; name = "Pods-MobileTrackerExample.release.xcconfig"; path = "Target Support Files/Pods-MobileTrackerExample/Pods-MobileTrackerExample.release.xcconfig"; sourceTree = "<group>"; };
		DFDDFAFA2EDF6CB0000676A2 /* ConfigurationManager.swift */ = {isa = PBXFileReference; lastKnownFileType = sourcecode.swift; name = ConfigurationManager.swift; path = MobileTrackerExample/ConfigurationManager.swift; sourceTree = "<group>"; };
		DFDDFAFB2EDF6CB0000676A2 /* ConfigurationView.swift */ = {isa = PBXFileReference; lastKnownFileType = sourcecode.swift; name = ConfigurationView.swift; path = MobileTrackerExample/ConfigurationView.swift; sourceTree = "<group>"; };
		DFDDFAFC2EDF6CB0000676A2 /* Environment.swift */ = {isa = PBXFileReference; lastKnownFileType = sourcecode.swift; name = Environment.swift; path = MobileTrackerExample/Models/Environment.swift; sourceTree = "<group>"; };
		DFDDFAFD2EDF6CB0000676A2 /* TrackerConfiguration.swift */ = {isa = PBXFileReference; lastKnownFileType = sourcecode.swift; name = TrackerConfiguration.swift; path = MobileTrackerExample/Models/TrackerConfiguration.swift; sourceTree = "<group>"; };
		DFDDFAFE2EDF6CB0000676A2 /* UserDefaultsKeys.swift */ = {isa = PBXFileReference; lastKnownFileType = sourcecode.swift; name = UserDefaultsKeys.swift; path = MobileTrackerExample/Models/UserDefaultsKeys.swift; sourceTree = "<group>"; };
		DFDDFAFF2EDF6CB0000676A2 /* ValidationResult.swift */ = {isa = PBXFileReference; lastKnownFileType = sourcecode.swift; name = ValidationResult.swift; path = MobileTrackerExample/Models/ValidationResult.swift; sourceTree = "<group>"; };
		DFDDFB062EDF6D42000676A2 /* UserDataManager.swift */ = {isa = PBXFileReference; lastKnownFileType = sourcecode.swift; name = UserDataManager.swift; path = MobileTrackerExample/UserDataManager.swift; sourceTree = "<group>"; };
		F0C5F4FCE5564EE18C0C081F00 /* Assets.xcassets */ = {isa = PBXFileReference; lastKnownFileType = folder.assetcatalog; path = Assets.xcassets; sourceTree = "<group>"; };
/* End PBXFileReference section */

/* Begin PBXFrameworksBuildPhase section */
		B6BFBB6AF5BA434F93AE207F /* Frameworks */ = {
			isa = PBXFrameworksBuildPhase;
			buildActionMask = 2147483647;
			files = (
				11F257FA832B416AAD279F62 /* MobileTracker in Frameworks */,
				FF8F882D6E2A833B7A31BB83 /* Pods_MobileTrackerExample.framework in Frameworks */,
			);
			runOnlyForDeploymentPostprocessing = 0;
		};
/* End PBXFrameworksBuildPhase section */

/* Begin PBXGroup section */
		0AF704BD8F488DE67CEAA7F6 /* Frameworks */ = {
			isa = PBXGroup;
			children = (
				6C1E8A7A6B43B63FEA9F9EB8 /* Pods_MobileTrackerExample.framework */,
			);
			name = Frameworks;
			sourceTree = "<group>";
		};
		3E15A4C94318AC28DAF2F19A /* Pods */ = {
			isa = PBXGroup;
			children = (
				B7AD246AC1EE1F0C36355CE2 /* Pods-MobileTrackerExample.debug.xcconfig */,
				BA34C60313A69BB03D76E6F1 /* Pods-MobileTrackerExample.release.xcconfig */,
			);
			path = Pods;
			sourceTree = "<group>";
		};
		4CCFB521555B4FBA85FB007901 /* Products */ = {
			isa = PBXGroup;
			children = (
				4CCFB521555B4FBA85FB007900 /* MobileTrackerExample.app */,
			);
			name = Products;
			sourceTree = "<group>";
		};
		74B51C0E54154217BDD735C5 /* MobileTrackerExample */ = {
			isa = PBXGroup;
			children = (
				4DEB6EC3F3F746E7BC1FC6C500 /* ExampleApp.swift */,
				9AD3E6474301456598071EB700 /* ContentView.swift */,
				F0C5F4FCE5564EE18C0C081F00 /* Assets.xcassets */,
			);
			path = MobileTrackerExample;
			sourceTree = "<group>";
		};
		7E848090EA2F45B6A3A2932400 = {
			isa = PBXGroup;
			children = (
				DFDDFB062EDF6D42000676A2 /* UserDataManager.swift */,
				DFDDFAFA2EDF6CB0000676A2 /* ConfigurationManager.swift */,
				DFDDFAFB2EDF6CB0000676A2 /* ConfigurationView.swift */,
				DFDDFAFC2EDF6CB0000676A2 /* Environment.swift */,
				DFDDFAFD2EDF6CB0000676A2 /* TrackerConfiguration.swift */,
				DFDDFAFE2EDF6CB0000676A2 /* UserDefaultsKeys.swift */,
				DFDDFAFF2EDF6CB0000676A2 /* ValidationResult.swift */,
				74B51C0E54154217BDD735C5 /* MobileTrackerExample */,
				4CCFB521555B4FBA85FB007901 /* Products */,
				3E15A4C94318AC28DAF2F19A /* Pods */,
				0AF704BD8F488DE67CEAA7F6 /* Frameworks */,
			);
			sourceTree = "<group>";
		};
/* End PBXGroup section */

/* Begin PBXNativeTarget section */
		4CCFB521555B4FBA85FB0079 /* MobileTrackerExample */ = {
			isa = PBXNativeTarget;
			buildConfigurationList = 7296A7EDB47A415581B19F67 /* Build configuration list for PBXNativeTarget "MobileTrackerExample" */;
			buildPhases = (
				5FE58ECC91D8F55A82DDB4A2 /* [CP] Check Pods Manifest.lock */,
				FAD827A610E54E1B90A1855C /* Sources */,
				B6BFBB6AF5BA434F93AE207F /* Frameworks */,
				82B2746178274BCA928A38AA /* Resources */,
			);
			buildRules = (
			);
			dependencies = (
			);
			name = MobileTrackerExample;
			packageProductDependencies = (
				5D55843443DC4356A4341A5B /* MobileTracker */,
			);
			productName = MobileTrackerExample;
			productReference = 4CCFB521555B4FBA85FB007900 /* MobileTrackerExample.app */;
			productType = "com.apple.product-type.application";
		};
/* End PBXNativeTarget section */

/* Begin PBXProject section */
		7E848090EA2F45B6A3A29324 /* Project object */ = {
			isa = PBXProject;
			attributes = {
				BuildIndependentTargetsInParallel = 1;
				LastSwiftUpdateCheck = 1400;
				LastUpgradeCheck = 1400;
			};
			buildConfigurationList = 7E848090EA2F45B6A3A2932401 /* Build configuration list for PBXProject "MobileTrackerExample" */;
			compatibilityVersion = "Xcode 13.0";
			developmentRegion = en;
			hasScannedForEncodings = 0;
			knownRegions = (
				en,
				Base,
			);
			mainGroup = 7E848090EA2F45B6A3A2932400;
			packageReferences = (
				5D55843443DC4356A4341A5B00 /* XCLocalSwiftPackageReference "../../../ios" */,
			);
			productRefGroup = 4CCFB521555B4FBA85FB007901 /* Products */;
			projectDirPath = "";
			projectRoot = "";
			targets = (
				4CCFB521555B4FBA85FB0079 /* MobileTrackerExample */,
			);
		};
/* End PBXProject section */

/* Begin PBXResourcesBuildPhase section */
		82B2746178274BCA928A38AA /* Resources */ = {
			isa = PBXResourcesBuildPhase;
			buildActionMask = 2147483647;
			files = (
				F0C5F4FCE5564EE18C0C081F /* Assets.xcassets in Resources */,
			);
			runOnlyForDeploymentPostprocessing = 0;
		};
/* End PBXResourcesBuildPhase section */

/* Begin PBXShellScriptBuildPhase section */
		5FE58ECC91D8F55A82DDB4A2 /* [CP] Check Pods Manifest.lock */ = {
			isa = PBXShellScriptBuildPhase;
			buildActionMask = 2147483647;
			files = (
			);
			inputFileListPaths = (
			);
			inputPaths = (
				"${PODS_PODFILE_DIR_PATH}/Podfile.lock",
				"${PODS_ROOT}/Manifest.lock",
			);
			name = "[CP] Check Pods Manifest.lock";
			outputFileListPaths = (
			);
			outputPaths = (
				"$(DERIVED_FILE_DIR)/Pods-MobileTrackerExample-checkManifestLockResult.txt",
			);
			runOnlyForDeploymentPostprocessing = 0;
			shellPath = /bin/sh;
			shellScript = "diff \"${PODS_PODFILE_DIR_PATH}/Podfile.lock\" \"${PODS_ROOT}/Manifest.lock\" > /dev/null\nif [ $? != 0 ] ; then\n    # print error to STDERR\n    echo \"error: The sandbox is not in sync with the Podfile.lock. Run 'pod install' or update your CocoaPods installation.\" >&2\n    exit 1\nfi\n# This output is used by Xcode 'outputs' to avoid re-running this script phase.\necho \"SUCCESS\" > \"${SCRIPT_OUTPUT_FILE_0}\"\n";
			showEnvVarsInLog = 0;
		};
/* End PBXShellScriptBuildPhase section */

/* Begin PBXSourcesBuildPhase section */
		FAD827A610E54E1B90A1855C /* Sources */ = {
			isa = PBXSourcesBuildPhase;
			buildActionMask = 2147483647;
			files = (
				9AD3E6474301456598071EB7 /* ContentView.swift in Sources */,
				4DEB6EC3F3F746E7BC1FC6C5 /* ExampleApp.swift in Sources */,
				DFDDFB072EDF6D42000676A2 /* UserDataManager.swift in Sources */,
				DFDDFB002EDF6CB0000676A2 /* Environment.swift in Sources */,
				DFDDFB012EDF6CB0000676A2 /* ConfigurationManager.swift in Sources */,
				DFDDFB022EDF6CB0000676A2 /* TrackerConfiguration.swift in Sources */,
				DFDDFB032EDF6CB0000676A2 /* ConfigurationView.swift in Sources */,
				DFDDFB042EDF6CB0000676A2 /* UserDefaultsKeys.swift in Sources */,
				DFDDFB052EDF6CB0000676A2 /* ValidationResult.swift in Sources */,
			);
			runOnlyForDeploymentPostprocessing = 0;
		};
/* End PBXSourcesBuildPhase section */

/* Begin XCBuildConfiguration section */
		7296A7EDB47A415581B19F6700 /* Debug */ = {
			isa = XCBuildConfiguration;
			baseConfigurationReference = B7AD246AC1EE1F0C36355CE2 /* Pods-MobileTrackerExample.debug.xcconfig */;
			buildSettings = {
				ASSETCATALOG_COMPILER_APPICON_NAME = AppIcon;
				ASSETCATALOG_COMPILER_GLOBAL_ACCENT_COLOR_NAME = AccentColor;
				CODE_SIGN_IDENTITY = "Apple Development";
				"CODE_SIGN_IDENTITY[sdk=iphoneos*]" = "iPhone Distribution";
				CODE_SIGN_STYLE = Manual;
				CURRENT_PROJECT_VERSION = 1;
				DEVELOPMENT_TEAM = "";
				"DEVELOPMENT_TEAM[sdk=iphoneos*]" = V69YGUAP44;
				ENABLE_PREVIEWS = YES;
				GENERATE_INFOPLIST_FILE = YES;
				INFOPLIST_KEY_UIApplicationSceneManifest_Generation = YES;
				INFOPLIST_KEY_UIApplicationSupportsIndirectInputEvents = YES;
				INFOPLIST_KEY_UILaunchScreen_Generation = YES;
				INFOPLIST_KEY_UISupportedInterfaceOrientations_iPad = "UIInterfaceOrientationPortrait UIInterfaceOrientationPortraitUpsideDown UIInterfaceOrientationLandscapeLeft UIInterfaceOrientationLandscapeRight";
				INFOPLIST_KEY_UISupportedInterfaceOrientations_iPhone = "UIInterfaceOrientationPortrait UIInterfaceOrientationLandscapeLeft UIInterfaceOrientationLandscapeRight";
				IPHONEOS_DEPLOYMENT_TARGET = 15.0;
				LD_RUNPATH_SEARCH_PATHS = (
					"$(inherited)",
					"@executable_path/Frameworks",
				);
				MARKETING_VERSION = 1.0;
				PRODUCT_BUNDLE_IDENTIFIER = com.founderos.mobiletracker.example;
				PRODUCT_NAME = "$(TARGET_NAME)";
				PROVISIONING_PROFILE_SPECIFIER = "";
				"PROVISIONING_PROFILE_SPECIFIER[sdk=iphoneos*]" = "founder os example app";
				SWIFT_EMIT_LOC_STRINGS = YES;
				SWIFT_VERSION = 5.0;
				TARGETED_DEVICE_FAMILY = "1,2";
			};
			name = Debug;
		};
		7296A7EDB47A415581B19F6701 /* Release */ = {
			isa = XCBuildConfiguration;
			baseConfigurationReference = BA34C60313A69BB03D76E6F1 /* Pods-MobileTrackerExample.release.xcconfig */;
			buildSettings = {
				ASSETCATALOG_COMPILER_APPICON_NAME = AppIcon;
				ASSETCATALOG_COMPILER_GLOBAL_ACCENT_COLOR_NAME = AccentColor;
				CODE_SIGN_IDENTITY = "Apple Development";
				"CODE_SIGN_IDENTITY[sdk=iphoneos*]" = "iPhone Distribution";
				CODE_SIGN_STYLE = Manual;
				CURRENT_PROJECT_VERSION = 1;
				DEVELOPMENT_TEAM = "";
				"DEVELOPMENT_TEAM[sdk=iphoneos*]" = V69YGUAP44;
				ENABLE_PREVIEWS = YES;
				GENERATE_INFOPLIST_FILE = YES;
				INFOPLIST_KEY_UIApplicationSceneManifest_Generation = YES;
				INFOPLIST_KEY_UIApplicationSupportsIndirectInputEvents = YES;
				INFOPLIST_KEY_UILaunchScreen_Generation = YES;
				INFOPLIST_KEY_UISupportedInterfaceOrientations_iPad = "UIInterfaceOrientationPortrait UIInterfaceOrientationPortraitUpsideDown UIInterfaceOrientationLandscapeLeft UIInterfaceOrientationLandscapeRight";
				INFOPLIST_KEY_UISupportedInterfaceOrientations_iPhone = "UIInterfaceOrientationPortrait UIInterfaceOrientationLandscapeLeft UIInterfaceOrientationLandscapeRight";
				IPHONEOS_DEPLOYMENT_TARGET = 15.0;
				LD_RUNPATH_SEARCH_PATHS = (
					"$(inherited)",
					"@executable_path/Frameworks",
				);
				MARKETING_VERSION = 1.0;
				PRODUCT_BUNDLE_IDENTIFIER = com.founderos.mobiletracker.example;
				PRODUCT_NAME = "$(TARGET_NAME)";
				PROVISIONING_PROFILE_SPECIFIER = "";
				"PROVISIONING_PROFILE_SPECIFIER[sdk=iphoneos*]" = "founder os example app";
				SWIFT_EMIT_LOC_STRINGS = YES;
				SWIFT_VERSION = 5.0;
				TARGETED_DEVICE_FAMILY = "1,2";
			};
			name = Release;
		};
		7E848090EA2F45B6A3A2932402 /* Debug */ = {
			isa = XCBuildConfiguration;
			buildSettings = {
				ALWAYS_SEARCH_USER_PATHS = NO;
				CLANG_ANALYZER_NONNULL = YES;
				CLANG_ANALYZER_NUMBER_OBJECT_CONVERSION = YES_AGGRESSIVE;
				CLANG_CXX_LANGUAGE_STANDARD = "gnu++17";
				CLANG_ENABLE_MODULES = YES;
				CLANG_ENABLE_OBJC_ARC = YES;
				CLANG_ENABLE_OBJC_WEAK = YES;
				CLANG_WARN_BLOCK_CAPTURE_AUTORELEASING = YES;
				CLANG_WARN_BOOL_CONVERSION = YES;
				CLANG_WARN_COMMA = YES;
				CLANG_WARN_CONSTANT_CONVERSION = YES;
				CLANG_WARN_DEPRECATED_OBJC_IMPLEMENTATIONS = YES;
				CLANG_WARN_DIRECT_OBJC_ISA_USAGE = YES_ERROR;
				CLANG_WARN_DOCUMENTATION_COMMENTS = YES;
				CLANG_WARN_EMPTY_BODY = YES;
				CLANG_WARN_ENUM_CONVERSION = YES;
				CLANG_WARN_INFINITE_RECURSION = YES;
				CLANG_WARN_INT_CONVERSION = YES;
				CLANG_WARN_NON_LITERAL_NULL_CONVERSION = YES;
				CLANG_WARN_OBJC_IMPLICIT_RETAIN_SELF = YES;
				CLANG_WARN_OBJC_LITERAL_CONVERSION = YES;
				CLANG_WARN_OBJC_ROOT_CLASS = YES_ERROR;
				CLANG_WARN_QUOTED_INCLUDE_IN_FRAMEWORK_HEADER = YES;
				CLANG_WARN_RANGE_LOOP_ANALYSIS = YES;
				CLANG_WARN_STRICT_PROTOTYPES = YES;
				CLANG_WARN_SUSPICIOUS_MOVE = YES;
				CLANG_WARN_UNGUARDED_AVAILABILITY = YES_AGGRESSIVE;
				CLANG_WARN_UNREACHABLE_CODE = YES;
				CLANG_WARN__DUPLICATE_METHOD_MATCH = YES;
				COPY_PHASE_STRIP = NO;
				DEBUG_INFORMATION_FORMAT = dwarf;
				ENABLE_STRICT_OBJC_MSGSEND = YES;
				ENABLE_TESTABILITY = YES;
				GCC_C_LANGUAGE_STANDARD = gnu11;
				GCC_DYNAMIC_NO_PIC = NO;
				GCC_NO_COMMON_BLOCKS = YES;
				GCC_OPTIMIZATION_LEVEL = 0;
				GCC_PREPROCESSOR_DEFINITIONS = (
					"DEBUG=1",
					"$(inherited)",
				);
				GCC_WARN_64_TO_32_BIT_CONVERSION = YES;
				GCC_WARN_ABOUT_RETURN_TYPE = YES_ERROR;
				GCC_WARN_UNDECLARED_SELECTOR = YES;
				GCC_WARN_UNINITIALIZED_AUTOS = YES_AGGRESSIVE;
				GCC_WARN_UNUSED_FUNCTION = YES;
				GCC_WARN_UNUSED_VARIABLE = YES;
				IPHONEOS_DEPLOYMENT_TARGET = 15.0;
				MTL_ENABLE_DEBUG_INFO = INCLUDE_SOURCE;
				MTL_FAST_MATH = YES;
				ONLY_ACTIVE_ARCH = YES;
				SDKROOT = iphoneos;
				SWIFT_ACTIVE_COMPILATION_CONDITIONS = DEBUG;
				SWIFT_OPTIMIZATION_LEVEL = "-Onone";
			};
			name = Debug;
		};
		7E848090EA2F45B6A3A2932403 /* Release */ = {
			isa = XCBuildConfiguration;
			buildSettings = {
				ALWAYS_SEARCH_USER_PATHS = NO;
				CLANG_ANALYZER_NONNULL = YES;
				CLANG_ANALYZER_NUMBER_OBJECT_CONVERSION = YES_AGGRESSIVE;
				CLANG_CXX_LANGUAGE_STANDARD = "gnu++17";
				CLANG_ENABLE_MODULES = YES;
				CLANG_ENABLE_OBJC_ARC = YES;
				CLANG_ENABLE_OBJC_WEAK = YES;
				CLANG_WARN_BLOCK_CAPTURE_AUTORELEASING = YES;
				CLANG_WARN_BOOL_CONVERSION = YES;
				CLANG_WARN_COMMA = YES;
				CLANG_WARN_CONSTANT_CONVERSION = YES;
				CLANG_WARN_DEPRECATED_OBJC_IMPLEMENTATIONS = YES;
				CLANG_WARN_DIRECT_OBJC_ISA_USAGE = YES_ERROR;
				CLANG_WARN_DOCUMENTATION_COMMENTS = YES;
				CLANG_WARN_EMPTY_BODY = YES;
				CLANG_WARN_ENUM_CONVERSION = YES;
				CLANG_WARN_INFINITE_RECURSION = YES;
				CLANG_WARN_INT_CONVERSION = YES;
				CLANG_WARN_NON_LITERAL_NULL_CONVERSION = YES;
				CLANG_WARN_OBJC_IMPLICIT_RETAIN_SELF = YES;
				CLANG_WARN_OBJC_LITERAL_CONVERSION = YES;
				CLANG_WARN_OBJC_ROOT_CLASS = YES_ERROR;
				CLANG_WARN_QUOTED_INCLUDE_IN_FRAMEWORK_HEADER = YES;
				CLANG_WARN_RANGE_LOOP_ANALYSIS = YES;
				CLANG_WARN_STRICT_PROTOTYPES = YES;
				CLANG_WARN_SUSPICIOUS_MOVE = YES;
				CLANG_WARN_UNGUARDED_AVAILABILITY = YES_AGGRESSIVE;
				CLANG_WARN_UNREACHABLE_CODE = YES;
				CLANG_WARN__DUPLICATE_METHOD_MATCH = YES;
				COPY_PHASE_STRIP = NO;
				DEBUG_INFORMATION_FORMAT = "dwarf-with-dsym";
				ENABLE_NS_ASSERTIONS = NO;
				ENABLE_STRICT_OBJC_MSGSEND = YES;
				GCC_C_LANGUAGE_STANDARD = gnu11;
				GCC_NO_COMMON_BLOCKS = YES;
				GCC_WARN_64_TO_32_BIT_CONVERSION = YES;
				GCC_WARN_ABOUT_RETURN_TYPE = YES_ERROR;
				GCC_WARN_UNDECLARED_SELECTOR = YES;
				GCC_WARN_UNINITIALIZED_AUTOS = YES_AGGRESSIVE;
				GCC_WARN_UNUSED_FUNCTION = YES;
				GCC_WARN_UNUSED_VARIABLE = YES;
				IPHONEOS_DEPLOYMENT_TARGET = 15.0;
				MTL_ENABLE_DEBUG_INFO = NO;
				MTL_FAST_MATH = YES;
				SDKROOT = iphoneos;
				SWIFT_COMPILATION_MODE = wholemodule;
				SWIFT_OPTIMIZATION_LEVEL = "-O";
				VALIDATE_PRODUCT = YES;
			};
			name = Release;
		};
/* End XCBuildConfiguration section */

/* Begin XCConfigurationList section */
		7296A7EDB47A415581B19F67 /* Build configuration list for PBXNativeTarget "MobileTrackerExample" */ = {
			isa = XCConfigurationList;
			buildConfigurations = (
				7296A7EDB47A415581B19F6700 /* Debug */,
				7296A7EDB47A415581B19F6701 /* Release */,
			);
			defaultConfigurationIsVisible = 0;
			defaultConfigurationName = Release;
		};
		7E848090EA2F45B6A3A2932401 /* Build configuration list for PBXProject "MobileTrackerExample" */ = {
			isa = XCConfigurationList;
			buildConfigurations = (
				7E848090EA2F45B6A3A2932402 /* Debug */,
				7E848090EA2F45B6A3A2932403 /* Release */,
			);
			defaultConfigurationIsVisible = 0;
			defaultConfigurationName = Release;
		};
/* End XCConfigurationList section */

/* Begin XCLocalSwiftPackageReference section */
		5D55843443DC4356A4341A5B00 /* XCLocalSwiftPackageReference "../../../ios" */ = {
			isa = XCLocalSwiftPackageReference;
			relativePath = ../../../ios;
		};
/* End XCLocalSwiftPackageReference section */

/* Begin XCSwiftPackageProductDependency section */
		5D55843443DC4356A4341A5B /* MobileTracker */ = {
			isa = XCSwiftPackageProductDependency;
			package = 5D55843443DC4356A4341A5B00 /* XCLocalSwiftPackageReference "../../../ios" */;
			productName = MobileTracker;
		};
/* End XCSwiftPackageProductDependency section */
	};
	rootObject = 7E848090EA2F45B6A3A29324 /* Project object */;
}
